# This file is automatically @generated by Poetry 1.8.3 and should not be changed by hand.

[[package]]
name = "casadi"
version = "3.6.7"
description = "CasADi -- framework for algorithmic differentiation and numeric optimization"
optional = false
python-versions = "*"
files = [
    {file = "casadi-3.6.7-cp27-none-macosx_10_13_x86_64.macosx_10_13_intel.whl", hash = "sha256:65976cabb6f8b5eecd72b346edbc4211cf0c8743c1ab9109ddc0eb0407da5a7e"},
    {file = "casadi-3.6.7-cp27-none-manylinux1_i686.whl", hash = "sha256:05ef1a87ac6e173cba3762f0ad0ba50c02154317a1135317a23c446a149a2e12"},
    {file = "casadi-3.6.7-cp27-none-manylinux2010_x86_64.whl", hash = "sha256:8cefef3e30c36e89df94b94ba19eb3588b960ff713d7631233d3402d34544f47"},
    {file = "casadi-3.6.7-cp27-none-win_amd64.whl", hash = "sha256:3a51b7731126ca1767accbe6747df7ba0087fc32537ab7e5843db88ab42454e3"},
    {file = "casadi-3.6.7-cp310-none-macosx_10_13_x86_64.macosx_10_13_intel.whl", hash = "sha256:7da27dc03524d56d450880db2cc7f45f075524bc434b0b317e2d80dd76b45d75"},
    {file = "casadi-3.6.7-cp310-none-macosx_11_0_arm64.whl", hash = "sha256:636746feeeef755a003b6b13a7fca275a8ad3e1be21f5d78a60e72ecdca9c841"},
    {file = "casadi-3.6.7-cp310-none-manylinux2014_aarch64.whl", hash = "sha256:1a676437955fcda10488fea87f78ae64f495a7247825bda476199cdeb5ba0b4d"},
    {file = "casadi-3.6.7-cp310-none-manylinux2014_i686.whl", hash = "sha256:8c4b4d0443a07452e7b6e0717ec504ed6a82d5da8bca6798809fb0524499c552"},
    {file = "casadi-3.6.7-cp310-none-manylinux2014_x86_64.whl", hash = "sha256:1ab528f5ea04ef56e2676252cfc3a04023de5d1169578d1873ce403e23fb48d5"},
    {file = "casadi-3.6.7-cp310-none-win_amd64.whl", hash = "sha256:05fedada09ae4f1b8d53194168efa8d88ca878717a9a4e7a2465b6e2aacff805"},
    {file = "casadi-3.6.7-cp311-none-macosx_10_13_x86_64.macosx_10_13_intel.whl", hash = "sha256:514b5d2af59c3a60b2a955d9508d5f2c75f05bec1e2f5000043870856e3d41a3"},
    {file = "casadi-3.6.7-cp311-none-macosx_11_0_arm64.whl", hash = "sha256:1a7122f3fd4dca0ed9af72bac398de06e225b291b45c3d89b73a19a3247eeeb5"},
    {file = "casadi-3.6.7-cp311-none-manylinux2014_aarch64.whl", hash = "sha256:5c252837354ca9da91bb2c9836921213d3972dad6edf516c9c8ef296e71a4f74"},
    {file = "casadi-3.6.7-cp311-none-manylinux2014_i686.whl", hash = "sha256:783976f9016ed2e882f00f3dc81a72abd8424fc6e8d322793d4bd3782a37f96d"},
    {file = "casadi-3.6.7-cp311-none-manylinux2014_x86_64.whl", hash = "sha256:971cefbe41e6bde88547c0591ab9424ad1efbe81edc6b0c5a54f125ddffadbf1"},
    {file = "casadi-3.6.7-cp311-none-win_amd64.whl", hash = "sha256:c30904baf2de259979e0e13b99c605cd18c4523aa86170de5940edeb5dd348fa"},
    {file = "casadi-3.6.7-cp312-none-macosx_10_13_x86_64.macosx_10_13_intel.whl", hash = "sha256:f780e496157ab1caeb6fe19079e4508c2d7a9f5489b298e04c40438a3ba0caf4"},
    {file = "casadi-3.6.7-cp312-none-macosx_11_0_arm64.whl", hash = "sha256:c02a304f5e8b147bca343e84b4de39629e2b761901c1fe99ecffa66c99875b80"},
    {file = "casadi-3.6.7-cp312-none-manylinux2014_aarch64.whl", hash = "sha256:290e92a7e2f4cecffc229dc196a85855e7dbedf6929eed1850b27e4ad8ad67f0"},
    {file = "casadi-3.6.7-cp312-none-manylinux2014_i686.whl", hash = "sha256:c7c1502a042efb321da1556e94cc8ef6a035785b9ebcb5ddd4676b32e58d09f8"},
    {file = "casadi-3.6.7-cp312-none-manylinux2014_x86_64.whl", hash = "sha256:16042ef095117704312be53389a0f22ab7a0968131db2bf785663d8003957a95"},
    {file = "casadi-3.6.7-cp312-none-win_amd64.whl", hash = "sha256:7f65e7444ddb15f521e0dc5d61b2557054e264de1dea8d9990235336d3e80247"},
    {file = "casadi-3.6.7-cp313-none-macosx_10_13_x86_64.macosx_10_13_intel.whl", hash = "sha256:6b6240fcd207aa154867a09bb830d3067d0e55808fbaef8c4c0e24c55b6905b4"},
    {file = "casadi-3.6.7-cp313-none-macosx_11_0_arm64.whl", hash = "sha256:cacf78a5e3c5590bf281a1606a213ac5d6d9e0be71986449b7e523044abb2ea0"},
    {file = "casadi-3.6.7-cp313-none-manylinux2014_aarch64.whl", hash = "sha256:f3c2d013bcb969b8a9b2e8aa9b6fcfaf9990d29eef496d1eee7d44a889b0f9b6"},
    {file = "casadi-3.6.7-cp313-none-manylinux2014_i686.whl", hash = "sha256:acddbf6bb05e357c898bcb3253ed106c3be6a0007957ec0231f84cae873a3def"},
    {file = "casadi-3.6.7-cp313-none-manylinux2014_x86_64.whl", hash = "sha256:bb9f3c2e9ab4a1fb28a7ad7e5012e133720656b606b8f560bc1bc55a8154e2d9"},
    {file = "casadi-3.6.7-cp313-none-win_amd64.whl", hash = "sha256:fa8da902f2e29893e71394c6bf1d3ccb6df52d063d06982a3e8b4ec5118f1827"},
    {file = "casadi-3.6.7-cp35-none-macosx_10_13_x86_64.macosx_10_13_intel.whl", hash = "sha256:1b7467dd5e664a87e03ff118993587d154371a3fb7020ce705ee1045ab561399"},
    {file = "casadi-3.6.7-cp35-none-manylinux1_i686.whl", hash = "sha256:0012c1951286013ab1c7ab79f21fec7374995085f9067d8cef7873dea062b426"},
    {file = "casadi-3.6.7-cp35-none-manylinux2010_x86_64.whl", hash = "sha256:641efda22adc1fab2faeb8cb1eb866619f2240f32fb6a02ae82b7399746cdc2e"},
    {file = "casadi-3.6.7-cp35-none-win_amd64.whl", hash = "sha256:adb46ef41749db9bc55a6a1677ba4a43f0ae6a2c1a6cbfc056681d907cf1e3be"},
    {file = "casadi-3.6.7-cp36-none-macosx_10_13_x86_64.macosx_10_13_intel.whl", hash = "sha256:b8665e49b6cf7e40f969f0cb3ed87468cb14c64d845438185ff9c289c5f79381"},
    {file = "casadi-3.6.7-cp36-none-manylinux2014_aarch64.whl", hash = "sha256:32ba1335bb0928fd340adc9e21d481d918025072a1f0540cf94093b95f781951"},
    {file = "casadi-3.6.7-cp36-none-manylinux2014_i686.whl", hash = "sha256:21d5b4ce0f83cfc4ab3b9129bdd7501758457323518069f760cb13a0cefb7fc9"},
    {file = "casadi-3.6.7-cp36-none-manylinux2014_x86_64.whl", hash = "sha256:045c1c7fc24bb27398f0ba8979eb6bf07b09525496dc83ee4e75ca037187a6bd"},
    {file = "casadi-3.6.7-cp36-none-win_amd64.whl", hash = "sha256:26fea7e80b104698d7c799556ec706ce29748e0e2a045a2ca7eb66032e428929"},
    {file = "casadi-3.6.7-cp37-none-macosx_10_13_x86_64.macosx_10_13_intel.whl", hash = "sha256:53189e560bcc20e7b10714356c987ae98755e28d5103337fd96bc81632786591"},
    {file = "casadi-3.6.7-cp37-none-manylinux2014_aarch64.whl", hash = "sha256:7d7997a9d9ded13fb974fec62c1b5921c1360910ee01784e5a421e288d10adad"},
    {file = "casadi-3.6.7-cp37-none-manylinux2014_i686.whl", hash = "sha256:4e98668fe6ea0fc8bd9e4189a8f71725acd13c5e748af62b6796bc8fcb71af1d"},
    {file = "casadi-3.6.7-cp37-none-manylinux2014_x86_64.whl", hash = "sha256:f2959bb834090491a324938454aa424cc1ab3f80cadac6fd8e2133b179a638e4"},
    {file = "casadi-3.6.7-cp37-none-win_amd64.whl", hash = "sha256:a6c549826a0f46e0ee120581a8ed9b802100040274eb23c3e41ca7e4b5f92555"},
    {file = "casadi-3.6.7-cp38-none-macosx_10_13_x86_64.macosx_10_13_intel.whl", hash = "sha256:ed274c0636c811800e0e2f834a616f1ee9ee6d14e21d3ae3e5281b77f9f66603"},
    {file = "casadi-3.6.7-cp38-none-macosx_11_0_arm64.whl", hash = "sha256:a5e2bf2311225970c06000c78d9945cb6e2142fb35981426a8eb86ef947a2483"},
    {file = "casadi-3.6.7-cp38-none-manylinux2014_aarch64.whl", hash = "sha256:ee407148f57cedf49928a027b3d628d5fc005fec9da2af27eec34dc7b8da10da"},
    {file = "casadi-3.6.7-cp38-none-manylinux2014_i686.whl", hash = "sha256:743b6d0070bb0262ec1fd4f840244991ebed2435b3104a5ae6a3bc928d0b31f7"},
    {file = "casadi-3.6.7-cp38-none-manylinux2014_x86_64.whl", hash = "sha256:ea85757c9914a7f3b0ea1f8b1f9635afce1b96c89a043af5fc5778438a90fefc"},
    {file = "casadi-3.6.7-cp38-none-win_amd64.whl", hash = "sha256:1d52d8c11d0125552e10c458d8f33b38cd9a6eb9603405a1df87eb35aae4c93a"},
    {file = "casadi-3.6.7-cp39-none-macosx_10_13_x86_64.macosx_10_13_intel.whl", hash = "sha256:c7b5bf2d05140db9609a8fa1716936e7e00d78d42e599167fc682d3b88dd05b9"},
    {file = "casadi-3.6.7-cp39-none-macosx_11_0_arm64.whl", hash = "sha256:d4b175792cd86c2ae2875f20f24e62f4ffe9d8ddea4c2e7ab1f0c43c9d8fc1e6"},
    {file = "casadi-3.6.7-cp39-none-manylinux2014_aarch64.whl", hash = "sha256:7ebcbb566f2a01118bc6db5453876d2a69a2ab56bdcd45f9b5487b6b45cbb1f8"},
    {file = "casadi-3.6.7-cp39-none-manylinux2014_i686.whl", hash = "sha256:f9783247f4675a660f584c785ef44f637ddc0b2ee0112c6eacb3a8cec5be4021"},
    {file = "casadi-3.6.7-cp39-none-manylinux2014_x86_64.whl", hash = "sha256:ce8c104cfc459cea32966f0ffbf189cbea379f69cff32aab33852d4a9cf0b532"},
    {file = "casadi-3.6.7-cp39-none-win_amd64.whl", hash = "sha256:c58a7d0a2365e28f065c68c0c958e1cc18f9c1dddbf9407842215eaf02f03011"},
    {file = "casadi-3.6.7.tar.gz", hash = "sha256:21cde87288afebb32a2a035bf6b6a91a025e24ee14aba7a0ae5515707b9887c1"},
]

[package.dependencies]
numpy = "*"

[[package]]
name = "importlib-metadata"
version = "6.7.0"
description = "Read metadata from Python packages"
optional = false
python-versions = ">=3.7"
files = [
    {file = "importlib_metadata-6.7.0-py3-none-any.whl", hash = "sha256:cb52082e659e97afc5dac71e79de97d8681de3aa07ff18578330904a9d18e5b5"},
    {file = "importlib_metadata-6.7.0.tar.gz", hash = "sha256:1aaf550d4f73e5d6783e7acb77aec43d49da8017410afae93822cc9cca98c4d4"},
]

[package.dependencies]
typing-extensions = {version = ">=3.6.4", markers = "python_version < \"3.8\""}
zipp = ">=0.5"

[package.extras]
docs = ["furo", "jaraco.packaging (>=9)", "jaraco.tidelift (>=1.4)", "rst.linker (>=1.9)", "sphinx (>=3.5)", "sphinx-lint"]
perf = ["ipython"]
testing = ["flufl.flake8", "importlib-resources (>=1.3)", "packaging", "pyfakefs", "pytest (>=6)", "pytest-black (>=0.3.7)", "pytest-checkdocs (>=2.4)", "pytest-cov", "pytest-enabler (>=1.3)", "pytest-mypy (>=0.9.1)", "pytest-perf (>=0.9.2)", "pytest-ruff"]

[[package]]
name = "numpy"
version = "1.21.1"
description = "NumPy is the fundamental package for array computing with Python."
optional = false
python-versions = ">=3.7"
files = [
    {file = "numpy-1.21.1-cp37-cp37m-macosx_10_9_x86_64.whl", hash = "sha256:38e8648f9449a549a7dfe8d8755a5979b45b3538520d1e735637ef28e8c2dc50"},
    {file = "numpy-1.21.1-cp37-cp37m-manylinux_2_12_i686.manylinux2010_i686.whl", hash = "sha256:fd7d7409fa643a91d0a05c7554dd68aa9c9bb16e186f6ccfe40d6e003156e33a"},
    {file = "numpy-1.21.1-cp37-cp37m-manylinux_2_12_x86_64.manylinux2010_x86_64.whl", hash = "sha256:a75b4498b1e93d8b700282dc8e655b8bd559c0904b3910b144646dbbbc03e062"},
    {file = "numpy-1.21.1-cp37-cp37m-manylinux_2_17_aarch64.manylinux2014_aarch64.whl", hash = "sha256:1412aa0aec3e00bc23fbb8664d76552b4efde98fb71f60737c83efbac24112f1"},
    {file = "numpy-1.21.1-cp37-cp37m-manylinux_2_5_i686.manylinux1_i686.whl", hash = "sha256:e46ceaff65609b5399163de5893d8f2a82d3c77d5e56d976c8b5fb01faa6b671"},
    {file = "numpy-1.21.1-cp37-cp37m-manylinux_2_5_x86_64.manylinux1_x86_64.whl", hash = "sha256:c6a2324085dd52f96498419ba95b5777e40b6bcbc20088fddb9e8cbb58885e8e"},
    {file = "numpy-1.21.1-cp37-cp37m-win32.whl", hash = "sha256:73101b2a1fef16602696d133db402a7e7586654682244344b8329cdcbbb82172"},
    {file = "numpy-1.21.1-cp37-cp37m-win_amd64.whl", hash = "sha256:7a708a79c9a9d26904d1cca8d383bf869edf6f8e7650d85dbc77b041e8c5a0f8"},
    {file = "numpy-1.21.1-cp38-cp38-macosx_10_9_universal2.whl", hash = "sha256:95b995d0c413f5d0428b3f880e8fe1660ff9396dcd1f9eedbc311f37b5652e16"},
    {file = "numpy-1.21.1-cp38-cp38-macosx_10_9_x86_64.whl", hash = "sha256:635e6bd31c9fb3d475c8f44a089569070d10a9ef18ed13738b03049280281267"},
    {file = "numpy-1.21.1-cp38-cp38-macosx_11_0_arm64.whl", hash = "sha256:4a3d5fb89bfe21be2ef47c0614b9c9c707b7362386c9a3ff1feae63e0267ccb6"},
    {file = "numpy-1.21.1-cp38-cp38-manylinux_2_12_i686.manylinux2010_i686.whl", hash = "sha256:8a326af80e86d0e9ce92bcc1e65c8ff88297de4fa14ee936cb2293d414c9ec63"},
    {file = "numpy-1.21.1-cp38-cp38-manylinux_2_12_x86_64.manylinux2010_x86_64.whl", hash = "sha256:791492091744b0fe390a6ce85cc1bf5149968ac7d5f0477288f78c89b385d9af"},
    {file = "numpy-1.21.1-cp38-cp38-manylinux_2_17_aarch64.manylinux2014_aarch64.whl", hash = "sha256:0318c465786c1f63ac05d7c4dbcecd4d2d7e13f0959b01b534ea1e92202235c5"},
    {file = "numpy-1.21.1-cp38-cp38-manylinux_2_5_i686.manylinux1_i686.whl", hash = "sha256:9a513bd9c1551894ee3d31369f9b07460ef223694098cf27d399513415855b68"},
    {file = "numpy-1.21.1-cp38-cp38-manylinux_2_5_x86_64.manylinux1_x86_64.whl", hash = "sha256:91c6f5fc58df1e0a3cc0c3a717bb3308ff850abdaa6d2d802573ee2b11f674a8"},
    {file = "numpy-1.21.1-cp38-cp38-win32.whl", hash = "sha256:978010b68e17150db8765355d1ccdd450f9fc916824e8c4e35ee620590e234cd"},
    {file = "numpy-1.21.1-cp38-cp38-win_amd64.whl", hash = "sha256:9749a40a5b22333467f02fe11edc98f022133ee1bfa8ab99bda5e5437b831214"},
    {file = "numpy-1.21.1-cp39-cp39-macosx_10_9_universal2.whl", hash = "sha256:d7a4aeac3b94af92a9373d6e77b37691b86411f9745190d2c351f410ab3a791f"},
    {file = "numpy-1.21.1-cp39-cp39-macosx_10_9_x86_64.whl", hash = "sha256:d9e7912a56108aba9b31df688a4c4f5cb0d9d3787386b87d504762b6754fbb1b"},
    {file = "numpy-1.21.1-cp39-cp39-macosx_11_0_arm64.whl", hash = "sha256:25b40b98ebdd272bc3020935427a4530b7d60dfbe1ab9381a39147834e985eac"},
    {file = "numpy-1.21.1-cp39-cp39-manylinux_2_12_i686.manylinux2010_i686.whl", hash = "sha256:8a92c5aea763d14ba9d6475803fc7904bda7decc2a0a68153f587ad82941fec1"},
    {file = "numpy-1.21.1-cp39-cp39-manylinux_2_12_x86_64.manylinux2010_x86_64.whl", hash = "sha256:05a0f648eb28bae4bcb204e6fd14603de2908de982e761a2fc78efe0f19e96e1"},
    {file = "numpy-1.21.1-cp39-cp39-manylinux_2_17_aarch64.manylinux2014_aarch64.whl", hash = "sha256:f01f28075a92eede918b965e86e8f0ba7b7797a95aa8d35e1cc8821f5fc3ad6a"},
    {file = "numpy-1.21.1-cp39-cp39-win32.whl", hash = "sha256:88c0b89ad1cc24a5efbb99ff9ab5db0f9a86e9cc50240177a571fbe9c2860ac2"},
    {file = "numpy-1.21.1-cp39-cp39-win_amd64.whl", hash = "sha256:01721eefe70544d548425a07c80be8377096a54118070b8a62476866d5208e33"},
    {file = "numpy-1.21.1-pp37-pypy37_pp73-manylinux_2_12_x86_64.manylinux2010_x86_64.whl", hash = "sha256:2d4d1de6e6fb3d28781c73fbde702ac97f03d79e4ffd6598b880b2d95d62ead4"},
    {file = "numpy-1.21.1.zip", hash = "sha256:dff4af63638afcc57a3dfb9e4b26d434a7a602d225b42d746ea7fe2edf1342fd"},
]

[[package]]
name = "packaging"
version = "24.0"
description = "Core utilities for Python packages"
optional = false
python-versions = ">=3.7"
files = [
    {file = "packaging-24.0-py3-none-any.whl", hash = "sha256:2ddfb553fdf02fb784c234c7ba6ccc288296ceabec964ad2eae3777778130bc5"},
    {file = "packaging-24.0.tar.gz", hash = "sha256:eb82c5e3e56209074766e6885bb04b8c38a0c015d0a30036ebe7ece34c9989e9"},
]

[[package]]
name = "prettytable"
version = "3.7.0"
description = "A simple Python library for easily displaying tabular data in a visually appealing ASCII table format"
optional = false
python-versions = ">=3.7"
files = [
    {file = "prettytable-3.7.0-py3-none-any.whl", hash = "sha256:f4aaf2ed6e6062a82fd2e6e5289bbbe705ec2788fe401a3a1f62a1cea55526d2"},
    {file = "prettytable-3.7.0.tar.gz", hash = "sha256:ef8334ee40b7ec721651fc4d37ecc7bb2ef55fde5098d994438f0dfdaa385c0c"},
]

[package.dependencies]
importlib-metadata = {version = "*", markers = "python_version < \"3.8\""}
wcwidth = "*"

[package.extras]
tests = ["pytest", "pytest-cov", "pytest-lazy-fixture"]

[[package]]
name = "scipy"
version = "1.6.1"
description = "SciPy: Scientific Library for Python"
optional = false
python-versions = ">=3.7"
files = [
    {file = "scipy-1.6.1-cp37-cp37m-macosx_10_9_x86_64.whl", hash = "sha256:a15a1f3fc0abff33e792d6049161b7795909b40b97c6cc2934ed54384017ab76"},
    {file = "scipy-1.6.1-cp37-cp37m-manylinux1_i686.whl", hash = "sha256:e79570979ccdc3d165456dd62041d9556fb9733b86b4b6d818af7a0afc15f092"},
    {file = "scipy-1.6.1-cp37-cp37m-manylinux1_x86_64.whl", hash = "sha256:a423533c55fec61456dedee7b6ee7dce0bb6bfa395424ea374d25afa262be261"},
    {file = "scipy-1.6.1-cp37-cp37m-manylinux2014_aarch64.whl", hash = "sha256:33d6b7df40d197bdd3049d64e8e680227151673465e5d85723b3b8f6b15a6ced"},
    {file = "scipy-1.6.1-cp37-cp37m-win32.whl", hash = "sha256:6725e3fbb47da428794f243864f2297462e9ee448297c93ed1dcbc44335feb78"},
    {file = "scipy-1.6.1-cp37-cp37m-win_amd64.whl", hash = "sha256:5fa9c6530b1661f1370bcd332a1e62ca7881785cc0f80c0d559b636567fab63c"},
    {file = "scipy-1.6.1-cp38-cp38-macosx_10_9_x86_64.whl", hash = "sha256:bd50daf727f7c195e26f27467c85ce653d41df4358a25b32434a50d8870fc519"},
    {file = "scipy-1.6.1-cp38-cp38-manylinux1_i686.whl", hash = "sha256:f46dd15335e8a320b0fb4685f58b7471702234cba8bb3442b69a3e1dc329c345"},
    {file = "scipy-1.6.1-cp38-cp38-manylinux1_x86_64.whl", hash = "sha256:0e5b0ccf63155d90da576edd2768b66fb276446c371b73841e3503be1d63fb5d"},
    {file = "scipy-1.6.1-cp38-cp38-manylinux2014_aarch64.whl", hash = "sha256:2481efbb3740977e3c831edfd0bd9867be26387cacf24eb5e366a6a374d3d00d"},
    {file = "scipy-1.6.1-cp38-cp38-win32.whl", hash = "sha256:68cb4c424112cd4be886b4d979c5497fba190714085f46b8ae67a5e4416c32b4"},
    {file = "scipy-1.6.1-cp38-cp38-win_amd64.whl", hash = "sha256:5f331eeed0297232d2e6eea51b54e8278ed8bb10b099f69c44e2558c090d06bf"},
    {file = "scipy-1.6.1-cp39-cp39-macosx_10_9_x86_64.whl", hash = "sha256:0c8a51d33556bf70367452d4d601d1742c0e806cd0194785914daf19775f0e67"},
    {file = "scipy-1.6.1-cp39-cp39-manylinux1_i686.whl", hash = "sha256:83bf7c16245c15bc58ee76c5418e46ea1811edcc2e2b03041b804e46084ab627"},
    {file = "scipy-1.6.1-cp39-cp39-manylinux1_x86_64.whl", hash = "sha256:794e768cc5f779736593046c9714e0f3a5940bc6dcc1dba885ad64cbfb28e9f0"},
    {file = "scipy-1.6.1-cp39-cp39-manylinux2014_aarch64.whl", hash = "sha256:5da5471aed911fe7e52b86bf9ea32fb55ae93e2f0fac66c32e58897cfb02fa07"},
    {file = "scipy-1.6.1-cp39-cp39-win32.whl", hash = "sha256:8e403a337749ed40af60e537cc4d4c03febddcc56cd26e774c9b1b600a70d3e4"},
    {file = "scipy-1.6.1-cp39-cp39-win_amd64.whl", hash = "sha256:a5193a098ae9f29af283dcf0041f762601faf2e595c0db1da929875b7570353f"},
    {file = "scipy-1.6.1.tar.gz", hash = "sha256:c4fceb864890b6168e79b0e714c585dbe2fd4222768ee90bc1aa0f8218691b11"},
]

[package.dependencies]
numpy = ">=1.16.5"

[[package]]
name = "setuptools"
version = "68.0.0"
description = "Easily download, build, install, upgrade, and uninstall Python packages"
optional = false
python-versions = ">=3.7"
files = [
    {file = "setuptools-68.0.0-py3-none-any.whl", hash = "sha256:11e52c67415a381d10d6b462ced9cfb97066179f0e871399e006c4ab101fc85f"},
    {file = "setuptools-68.0.0.tar.gz", hash = "sha256:baf1fdb41c6da4cd2eae722e135500da913332ab3f2f5c7d33af9b492acb5235"},
]

[package.extras]
docs = ["furo", "jaraco.packaging (>=9)", "jaraco.tidelift (>=1.4)", "pygments-github-lexers (==0.0.5)", "rst.linker (>=1.9)", "sphinx (>=3.5)", "sphinx-favicon", "sphinx-hoverxref (<2)", "sphinx-inline-tabs", "sphinx-lint", "sphinx-notfound-page (==0.8.3)", "sphinx-reredirects", "sphinxcontrib-towncrier"]
testing = ["build[virtualenv]", "filelock (>=3.4.0)", "flake8-2020", "ini2toml[lite] (>=0.9)", "jaraco.envs (>=2.2)", "jaraco.path (>=3.2.0)", "pip (>=19.1)", "pip-run (>=8.8)", "pytest (>=6)", "pytest-black (>=0.3.7)", "pytest-checkdocs (>=2.4)", "pytest-cov", "pytest-enabler (>=1.3)", "pytest-mypy (>=0.9.1)", "pytest-perf", "pytest-ruff", "pytest-timeout", "pytest-xdist", "tomli-w (>=1.0.0)", "virtualenv (>=13.0.0)", "wheel"]
testing-integration = ["build[virtualenv]", "filelock (>=3.4.0)", "jaraco.envs (>=2.2)", "jaraco.path (>=3.2.0)", "pytest", "pytest-enabler", "pytest-xdist", "tomli", "virtualenv (>=13.0.0)", "wheel"]

[[package]]
name = "setuptools-scm"
version = "7.1.0"
description = "the blessed package to manage your versions by scm tags"
optional = false
python-versions = ">=3.7"
files = [
    {file = "setuptools_scm-7.1.0-py3-none-any.whl", hash = "sha256:73988b6d848709e2af142aa48c986ea29592bbcfca5375678064708205253d8e"},
    {file = "setuptools_scm-7.1.0.tar.gz", hash = "sha256:6c508345a771aad7d56ebff0e70628bf2b0ec7573762be9960214730de278f27"},
]

[package.dependencies]
importlib-metadata = {version = "*", markers = "python_version < \"3.8\""}
packaging = ">=20.0"
setuptools = [
    {version = "*"},
    {version = ">=42", optional = true, markers = "extra == \"toml\""},
]
tomli = {version = ">=1.0.0", markers = "python_version < \"3.11\""}
typing-extensions = "*"

[package.extras]
test = ["pytest (>=6.2)", "virtualenv (>20)"]
toml = ["setuptools (>=42)"]

[[package]]
name = "tomli"
version = "2.0.1"
description = "A lil' TOML parser"
optional = false
python-versions = ">=3.7"
files = [
    {file = "tomli-2.0.1-py3-none-any.whl", hash = "sha256:939de3e7a6161af0c887ef91b7d41a53e7c5a1ca976325f429cb46ea9bc30ecc"},
    {file = "tomli-2.0.1.tar.gz", hash = "sha256:de526c12914f0c550d15924c62d72abc48d6fe7364aa87328337a31007fe8a4f"},
]

[[package]]
name = "typing-extensions"
version = "4.7.1"
description = "Backported and Experimental Type Hints for Python 3.7+"
optional = false
python-versions = ">=3.7"
files = [
    {file = "typing_extensions-4.7.1-py3-none-any.whl", hash = "sha256:440d5dd3af93b060174bf433bccd69b0babc3b15b1a8dca43789fd7f61514b36"},
    {file = "typing_extensions-4.7.1.tar.gz", hash = "sha256:b75ddc264f0ba5615db7ba217daeb99701ad295353c45f9e95963337ceeeffb2"},
]

[[package]]
name = "wcwidth"
version = "0.2.13"
description = "Measures the displayed width of unicode strings in a terminal"
optional = false
python-versions = "*"
files = [
    {file = "wcwidth-0.2.13-py2.py3-none-any.whl", hash = "sha256:3da69048e4540d84af32131829ff948f1e022c1c6bdb8d6102117aac784f6859"},
    {file = "wcwidth-0.2.13.tar.gz", hash = "sha256:72ea0c06399eb286d978fdedb6923a9eb47e1c486ce63e9b4e64fc18303972b5"},
]

[[package]]
name = "wheel"
version = "0.42.0"
description = "A built-package format for Python"
optional = false
python-versions = ">=3.7"
files = [
    {file = "wheel-0.42.0-py3-none-any.whl", hash = "sha256:177f9c9b0d45c47873b619f5b650346d632cdc35fb5e4d25058e09c9e581433d"},
    {file = "wheel-0.42.0.tar.gz", hash = "sha256:c45be39f7882c9d34243236f2d63cbd58039e360f85d0913425fbd7ceea617a8"},
]

[package.extras]
test = ["pytest (>=6.0.0)", "setuptools (>=65)"]

[[package]]
name = "zipp"
version = "3.15.0"
description = "Backport of pathlib-compatible object wrapper for zip files"
optional = false
python-versions = ">=3.7"
files = [
    {file = "zipp-3.15.0-py3-none-any.whl", hash = "sha256:48904fc76a60e542af151aded95726c1a5c34ed43ab4134b597665c86d7ad556"},
    {file = "zipp-3.15.0.tar.gz", hash = "sha256:112929ad649da941c23de50f356a2b5570c954b65150642bccdd66bf194d224b"},
]

[package.extras]
docs = ["furo", "jaraco.packaging (>=9)", "jaraco.tidelift (>=1.4)", "rst.linker (>=1.9)", "sphinx (>=3.5)", "sphinx-lint"]
testing = ["big-O", "flake8 (<5)", "jaraco.functools", "jaraco.itertools", "more-itertools", "pytest (>=6)", "pytest-black (>=0.3.7)", "pytest-checkdocs (>=2.4)", "pytest-cov", "pytest-enabler (>=1.3)", "pytest-flake8", "pytest-mypy (>=0.9.1)"]

[metadata]
lock-version = "2.0"
python-versions = ">=3.7"
content-hash = "95cc9a41443bf50b7b951788dcd43cd3d3dbd18d21d2bd98f4e45119b19652b3"
